
Microsoft Visual Studio Solution File, Format Version 12.00
# Visual Studio Version 16
VisualStudioVersion = 16.0.29424.173
MinimumVisualStudioVersion = 10.0.40219.1
Project("{FAE04EC0-301F-11D3-BF4B-00C04F79EFBC}") = "Blazor_CicloVida1", "Blazor_CicloVida1\Blazor_CicloVida1.csproj", "{72130DBF-718F-44D1-B7EE-969DC46EF75F}"
EndProject
Global
	GlobalSection(SolutionConfigurationPlatforms) = preSolution
		Debug|Any CPU = Debug|Any CPU
		Release|Any CPU = Release|Any CPU
	EndGlobalSection
	GlobalSection(ProjectConfigurationPlatforms) = postSolution
		{72130DBF-718F-44D1-B7EE-969DC46EF75F}.Debug|Any CPU.ActiveCfg = Debug|Any CPU
		{72130DBF-718F-44D1-B7EE-969DC46EF75F}.Debug|Any CPU.Build.0 = Debug|Any CPU
		{72130DBF-718F-44D1-B7EE-969DC46EF75F}.Release|Any CPU.ActiveCfg = Release|Any CPU
		{72130DBF-718F-44D1-B7EE-969DC46EF75F}.Release|Any CPU.Build.0 = Release|Any CPU
	EndGlobalSection
	GlobalSection(SolutionProperties) = preSolution
		HideSolutionNode = FALSE
	EndGlobalSection
	GlobalSection(ExtensibilityGlobals) = postSolution
		SolutionGuid = {87889AEB-1753-4A78-8A23-8616FBC5B781}
	EndGlobalSection
EndGlobal
