
Microsoft Visual Studio Solution File, Format Version 12.00
# Visual Studio Version 16
VisualStudioVersion = 16.0.29424.173
MinimumVisualStudioVersion = 10.0.40219.1
Project("{FAE04EC0-301F-11D3-BF4B-00C04F79EFBC}") = "BlazorApp_CodeBehind", "BlazorApp_CodeBehind\BlazorApp_CodeBehind.csproj", "{F7E1323F-8EE2-4709-A1DA-DE44AA9188C9}"
EndProject
Global
	GlobalSection(SolutionConfigurationPlatforms) = preSolution
		Debug|Any CPU = Debug|Any CPU
		Release|Any CPU = Release|Any CPU
	EndGlobalSection
	GlobalSection(ProjectConfigurationPlatforms) = postSolution
		{F7E1323F-8EE2-4709-A1DA-DE44AA9188C9}.Debug|Any CPU.ActiveCfg = Debug|Any CPU
		{F7E1323F-8EE2-4709-A1DA-DE44AA9188C9}.Debug|Any CPU.Build.0 = Debug|Any CPU
		{F7E1323F-8EE2-4709-A1DA-DE44AA9188C9}.Release|Any CPU.ActiveCfg = Release|Any CPU
		{F7E1323F-8EE2-4709-A1DA-DE44AA9188C9}.Release|Any CPU.Build.0 = Release|Any CPU
	EndGlobalSection
	GlobalSection(SolutionProperties) = preSolution
		HideSolutionNode = FALSE
	EndGlobalSection
	GlobalSection(ExtensibilityGlobals) = postSolution
		SolutionGuid = {FE51687E-9406-4B3D-8A3E-5257FB63EBD7}
	EndGlobalSection
EndGlobal
